{
  "version": 4,
  "terraform_version": "1.5.7",
  "serial": 9,
  "lineage": "e6312cf5-d500-fde1-fd9c-b5a34df28ace",
  "outputs": {},
  "resources": [
    {
      "mode": "managed",
      "type": "kubernetes_deployment",
      "name": "nginx",
      "provider": "provider[\"registry.terraform.io/hashicorp/kubernetes\"]",
      "instances": [
        {
          "schema_version": 1,
          "attributes": {
            "id": "default/scalable-nginx-example",
            "metadata": [
              {
                "annotations": {},
                "generate_name": "",
                "generation": 1,
                "labels": {
                  "App": "ScalableNginxExample"
                },
                "name": "scalable-nginx-example",
                "namespace": "default",
                "resource_version": "7858",
                "uid": "7fc368fd-ba39-40fd-8135-9ddd5ae3bc1d"
              }
            ],
            "spec": [
              {
                "min_ready_seconds": 0,
                "paused": false,
                "progress_deadline_seconds": 600,
                "replicas": "1",
                "revision_history_limit": 10,
                "selector": [
                  {
                    "match_expressions": [],
                    "match_labels": {
                      "App": "ScalableNginxExample"
                    }
                  }
                ],
                "strategy": [
                  {
                    "rolling_update": [
                      {
                        "max_surge": "25%",
                        "max_unavailable": "25%"
                      }
                    ],
                    "type": "RollingUpdate"
                  }
                ],
                "template": [
                  {
                    "metadata": [
                      {
                        "annotations": {},
                        "generate_name": "",
                        "generation": 0,
                        "labels": {
                          "App": "ScalableNginxExample"
                        },
                        "name": "",
                        "namespace": "",
                        "resource_version": "",
                        "uid": ""
                      }
                    ],
                    "spec": [
                      {
                        "active_deadline_seconds": 0,
                        "affinity": [],
                        "automount_service_account_token": true,
                        "container": [
                          {
                            "args": [],
                            "command": [],
                            "env": [],
                            "env_from": [],
                            "image": "nginx:latest",
                            "image_pull_policy": "Always",
                            "lifecycle": [],
                            "liveness_probe": [],
                            "name": "example",
                            "port": [
                              {
                                "container_port": 80,
                                "host_ip": "",
                                "host_port": 0,
                                "name": "",
                                "protocol": "TCP"
                              }
                            ],
                            "readiness_probe": [],
                            "resources": [
                              {
                                "limits": {
                                  "cpu": "500m",
                                  "memory": "512Mi"
                                },
                                "requests": {
                                  "cpu": "250m",
                                  "memory": "50Mi"
                                }
                              }
                            ],
                            "security_context": [],
                            "startup_probe": [],
                            "stdin": false,
                            "stdin_once": false,
                            "termination_message_path": "/dev/termination-log",
                            "termination_message_policy": "File",
                            "tty": false,
                            "volume_mount": [],
                            "working_dir": ""
                          }
                        ],
                        "dns_config": [],
                        "dns_policy": "ClusterFirst",
                        "enable_service_links": true,
                        "host_aliases": [],
                        "host_ipc": false,
                        "host_network": false,
                        "host_pid": false,
                        "hostname": "",
                        "image_pull_secrets": [],
                        "init_container": [],
                        "node_name": "",
                        "node_selector": {},
                        "priority_class_name": "",
                        "readiness_gate": [],
                        "restart_policy": "Always",
                        "runtime_class_name": "",
                        "scheduler_name": "default-scheduler",
                        "security_context": [],
                        "service_account_name": "",
                        "share_process_namespace": false,
                        "subdomain": "",
                        "termination_grace_period_seconds": 30,
                        "toleration": [],
                        "topology_spread_constraint": [],
                        "volume": []
                      }
                    ]
                  }
                ]
              }
            ],
            "timeouts": null,
            "wait_for_rollout": true
          },
          "sensitive_attributes": [],
          "private": "eyJlMmJmYjczMC1lY2FhLTExZTYtOGY4OC0zNDM2M2JjN2M0YzAiOnsiY3JlYXRlIjo2MDAwMDAwMDAwMDAsImRlbGV0ZSI6NjAwMDAwMDAwMDAwLCJ1cGRhdGUiOjYwMDAwMDAwMDAwMH0sInNjaGVtYV92ZXJzaW9uIjoiMSJ9"
        }
      ]
    },
    {
      "mode": "managed",
      "type": "kubernetes_manifest",
      "name": "crontab_crd",
      "provider": "provider[\"registry.terraform.io/hashicorp/kubernetes\"]",
      "instances": [
        {
          "schema_version": 1,
          "attributes": {
            "computed_fields": null,
            "field_manager": [],
            "manifest": {
              "value": {
                "apiVersion": "apiextensions.k8s.io/v1",
                "kind": "CustomResourceDefinition",
                "metadata": {
                  "name": "crontabs.stable.example.com"
                },
                "spec": {
                  "group": "stable.example.com",
                  "names": {
                    "kind": "CronTab",
                    "plural": "crontabs",
                    "shortNames": [
                      "ct"
                    ],
                    "singular": "crontab"
                  },
                  "scope": "Namespaced",
                  "versions": [
                    {
                      "name": "v1",
                      "schema": {
                        "openAPIV3Schema": {
                          "properties": {
                            "spec": {
                              "properties": {
                                "cronSpec": {
                                  "type": "string"
                                },
                                "image": {
                                  "type": "string"
                                }
                              },
                              "type": "object"
                            }
                          },
                          "type": "object"
                        }
                      },
                      "served": true,
                      "storage": true
                    }
                  ]
                }
              },
              "type": [
                "object",
                {
                  "apiVersion": "string",
                  "kind": "string",
                  "metadata": [
                    "object",
                    {
                      "name": "string"
                    }
                  ],
                  "spec": [
                    "object",
                    {
                      "group": "string",
                      "names": [
                        "object",
                        {
                          "kind": "string",
                          "plural": "string",
                          "shortNames": [
                            "tuple",
                            [
                              "string"
                            ]
                          ],
                          "singular": "string"
                        }
                      ],
                      "scope": "string",
                      "versions": [
                        "tuple",
                        [
                          [
                            "object",
                            {
                              "name": "string",
                              "schema": [
                                "object",
                                {
                                  "openAPIV3Schema": [
                                    "object",
                                    {
                                      "properties": [
                                        "object",
                                        {
                                          "spec": [
                                            "object",
                                            {
                                              "properties": [
                                                "object",
                                                {
                                                  "cronSpec": [
                                                    "object",
                                                    {
                                                      "type": "string"
                                                    }
                                                  ],
                                                  "image": [
                                                    "object",
                                                    {
                                                      "type": "string"
                                                    }
                                                  ]
                                                }
                                              ],
                                              "type": "string"
                                            }
                                          ]
                                        }
                                      ],
                                      "type": "string"
                                    }
                                  ]
                                }
                              ],
                              "served": "bool",
                              "storage": "bool"
                            }
                          ]
                        ]
                      ]
                    }
                  ]
                }
              ]
            },
            "object": {
              "value": {
                "apiVersion": "apiextensions.k8s.io/v1",
                "kind": "CustomResourceDefinition",
                "metadata": {
                  "annotations": null,
                  "creationTimestamp": null,
                  "deletionGracePeriodSeconds": null,
                  "deletionTimestamp": null,
                  "finalizers": null,
                  "generateName": null,
                  "generation": null,
                  "labels": null,
                  "managedFields": null,
                  "name": "crontabs.stable.example.com",
                  "namespace": null,
                  "ownerReferences": null,
                  "resourceVersion": null,
                  "selfLink": null,
                  "uid": null
                },
                "spec": {
                  "conversion": {
                    "strategy": "None",
                    "webhook": {
                      "clientConfig": {
                        "caBundle": null,
                        "service": {
                          "name": null,
                          "namespace": null,
                          "path": null,
                          "port": null
                        },
                        "url": null
                      },
                      "conversionReviewVersions": null
                    }
                  },
                  "group": "stable.example.com",
                  "names": {
                    "categories": null,
                    "kind": "CronTab",
                    "listKind": "CronTabList",
                    "plural": "crontabs",
                    "shortNames": [
                      "ct"
                    ],
                    "singular": "crontab"
                  },
                  "preserveUnknownFields": null,
                  "scope": "Namespaced",
                  "versions": [
                    {
                      "additionalPrinterColumns": null,
                      "deprecated": null,
                      "deprecationWarning": null,
                      "name": "v1",
                      "schema": {
                        "openAPIV3Schema": {
                          "properties": {
                            "spec": {
                              "properties": {
                                "cronSpec": {
                                  "type": "string"
                                },
                                "image": {
                                  "type": "string"
                                }
                              },
                              "type": "object"
                            }
                          },
                          "type": "object"
                        }
                      },
                      "served": true,
                      "storage": true,
                      "subresources": {
                        "scale": {
                          "labelSelectorPath": null,
                          "specReplicasPath": null,
                          "statusReplicasPath": null
                        },
                        "status": null
                      }
                    }
                  ]
                }
              },
              "type": [
                "object",
                {
                  "apiVersion": "string",
                  "kind": "string",
                  "metadata": [
                    "object",
                    {
                      "annotations": [
                        "map",
                        "string"
                      ],
                      "creationTimestamp": "string",
                      "deletionGracePeriodSeconds": "number",
                      "deletionTimestamp": "string",
                      "finalizers": [
                        "list",
                        "string"
                      ],
                      "generateName": "string",
                      "generation": "number",
                      "labels": [
                        "map",
                        "string"
                      ],
                      "managedFields": [
                        "tuple",
                        [
                          [
                            "object",
                            {
                              "apiVersion": "string",
                              "fieldsType": "string",
                              "fieldsV1": "dynamic",
                              "manager": "string",
                              "operation": "string",
                              "subresource": "string",
                              "time": "string"
                            }
                          ]
                        ]
                      ],
                      "name": "string",
                      "namespace": "string",
                      "ownerReferences": [
                        "list",
                        [
                          "object",
                          {
                            "apiVersion": "string",
                            "blockOwnerDeletion": "bool",
                            "controller": "bool",
                            "kind": "string",
                            "name": "string",
                            "uid": "string"
                          }
                        ]
                      ],
                      "resourceVersion": "string",
                      "selfLink": "string",
                      "uid": "string"
                    }
                  ],
                  "spec": [
                    "object",
                    {
                      "conversion": [
                        "object",
                        {
                          "strategy": "string",
                          "webhook": [
                            "object",
                            {
                              "clientConfig": [
                                "object",
                                {
                                  "caBundle": "string",
                                  "service": [
                                    "object",
                                    {
                                      "name": "string",
                                      "namespace": "string",
                                      "path": "string",
                                      "port": "number"
                                    }
                                  ],
                                  "url": "string"
                                }
                              ],
                              "conversionReviewVersions": [
                                "list",
                                "string"
                              ]
                            }
                          ]
                        }
                      ],
                      "group": "string",
                      "names": [
                        "object",
                        {
                          "categories": [
                            "list",
                            "string"
                          ],
                          "kind": "string",
                          "listKind": "string",
                          "plural": "string",
                          "shortNames": [
                            "list",
                            "string"
                          ],
                          "singular": "string"
                        }
                      ],
                      "preserveUnknownFields": "bool",
                      "scope": "string",
                      "versions": [
                        "tuple",
                        [
                          [
                            "object",
                            {
                              "additionalPrinterColumns": [
                                "list",
                                [
                                  "object",
                                  {
                                    "description": "string",
                                    "format": "string",
                                    "jsonPath": "string",
                                    "name": "string",
                                    "priority": "number",
                                    "type": "string"
                                  }
                                ]
                              ],
                              "deprecated": "bool",
                              "deprecationWarning": "string",
                              "name": "string",
                              "schema": [
                                "object",
                                {
                                  "openAPIV3Schema": [
                                    "object",
                                    {
                                      "properties": [
                                        "object",
                                        {
                                          "spec": [
                                            "object",
                                            {
                                              "properties": [
                                                "object",
                                                {
                                                  "cronSpec": [
                                                    "object",
                                                    {
                                                      "type": "string"
                                                    }
                                                  ],
                                                  "image": [
                                                    "object",
                                                    {
                                                      "type": "string"
                                                    }
                                                  ]
                                                }
                                              ],
                                              "type": "string"
                                            }
                                          ]
                                        }
                                      ],
                                      "type": "string"
                                    }
                                  ]
                                }
                              ],
                              "served": "bool",
                              "storage": "bool",
                              "subresources": [
                                "object",
                                {
                                  "scale": [
                                    "object",
                                    {
                                      "labelSelectorPath": "string",
                                      "specReplicasPath": "string",
                                      "statusReplicasPath": "string"
                                    }
                                  ],
                                  "status": "dynamic"
                                }
                              ]
                            }
                          ]
                        ]
                      ]
                    }
                  ]
                }
              ]
            },
            "timeouts": [],
            "wait": [],
            "wait_for": null
          },
          "sensitive_attributes": []
        }
      ]
    },
    {
      "mode": "managed",
      "type": "kubernetes_manifest",
      "name": "my_new_crontab",
      "provider": "provider[\"registry.terraform.io/hashicorp/kubernetes\"]",
      "instances": [
        {
          "schema_version": 1,
          "attributes": {
            "computed_fields": null,
            "field_manager": [],
            "manifest": {
              "value": {
                "apiVersion": "stable.example.com/v1",
                "kind": "CronTab",
                "metadata": {
                  "name": "my-new-cron-object",
                  "namespace": "default"
                },
                "spec": {
                  "cronSpec": "* * * * */5",
                  "image": "my-awesome-cron-image"
                }
              },
              "type": [
                "object",
                {
                  "apiVersion": "string",
                  "kind": "string",
                  "metadata": [
                    "object",
                    {
                      "name": "string",
                      "namespace": "string"
                    }
                  ],
                  "spec": [
                    "object",
                    {
                      "cronSpec": "string",
                      "image": "string"
                    }
                  ]
                }
              ]
            },
            "object": {
              "value": {
                "apiVersion": "stable.example.com/v1",
                "kind": "CronTab",
                "metadata": {
                  "annotations": null,
                  "creationTimestamp": null,
                  "deletionGracePeriodSeconds": null,
                  "deletionTimestamp": null,
                  "finalizers": null,
                  "generateName": null,
                  "generation": null,
                  "labels": null,
                  "managedFields": null,
                  "name": "my-new-cron-object",
                  "namespace": "default",
                  "ownerReferences": null,
                  "resourceVersion": null,
                  "selfLink": null,
                  "uid": null
                },
                "spec": {
                  "cronSpec": "* * * * */5",
                  "image": "my-awesome-cron-image"
                }
              },
              "type": [
                "object",
                {
                  "apiVersion": "string",
                  "kind": "string",
                  "metadata": [
                    "object",
                    {
                      "annotations": [
                        "map",
                        "string"
                      ],
                      "creationTimestamp": "string",
                      "deletionGracePeriodSeconds": "number",
                      "deletionTimestamp": "string",
                      "finalizers": [
                        "list",
                        "string"
                      ],
                      "generateName": "string",
                      "generation": "number",
                      "labels": [
                        "map",
                        "string"
                      ],
                      "managedFields": [
                        "tuple",
                        [
                          [
                            "object",
                            {
                              "apiVersion": "string",
                              "fieldsType": "string",
                              "fieldsV1": "dynamic",
                              "manager": "string",
                              "operation": "string",
                              "subresource": "string",
                              "time": "string"
                            }
                          ]
                        ]
                      ],
                      "name": "string",
                      "namespace": "string",
                      "ownerReferences": [
                        "list",
                        [
                          "object",
                          {
                            "apiVersion": "string",
                            "blockOwnerDeletion": "bool",
                            "controller": "bool",
                            "kind": "string",
                            "name": "string",
                            "uid": "string"
                          }
                        ]
                      ],
                      "resourceVersion": "string",
                      "selfLink": "string",
                      "uid": "string"
                    }
                  ],
                  "spec": [
                    "object",
                    {
                      "cronSpec": "string",
                      "image": "string"
                    }
                  ]
                }
              ]
            },
            "timeouts": [],
            "wait": [],
            "wait_for": null
          },
          "sensitive_attributes": []
        }
      ]
    },
    {
      "mode": "managed",
      "type": "kubernetes_service",
      "name": "nginx",
      "provider": "provider[\"registry.terraform.io/hashicorp/kubernetes\"]",
      "instances": [
        {
          "schema_version": 1,
          "attributes": {
            "id": "default/nginx-example",
            "metadata": [
              {
                "annotations": {},
                "generate_name": "",
                "generation": 0,
                "labels": {},
                "name": "nginx-example",
                "namespace": "default",
                "resource_version": "8026",
                "uid": "3c9da464-fd1c-40cb-a304-eb72e1c928e9"
              }
            ],
            "spec": [
              {
                "allocate_load_balancer_node_ports": true,
                "cluster_ip": "10.99.113.220",
                "cluster_ips": [
                  "10.99.113.220"
                ],
                "external_ips": [],
                "external_name": "",
                "external_traffic_policy": "Cluster",
                "health_check_node_port": 0,
                "internal_traffic_policy": "Cluster",
                "ip_families": [
                  "IPv4"
                ],
                "ip_family_policy": "SingleStack",
                "load_balancer_class": "",
                "load_balancer_ip": "",
                "load_balancer_source_ranges": [],
                "port": [
                  {
                    "app_protocol": "",
                    "name": "",
                    "node_port": 30201,
                    "port": 80,
                    "protocol": "TCP",
                    "target_port": "80"
                  }
                ],
                "publish_not_ready_addresses": false,
                "selector": {
                  "App": "ScalableNginxExample"
                },
                "session_affinity": "None",
                "session_affinity_config": [],
                "type": "NodePort"
              }
            ],
            "status": [
              {
                "load_balancer": [
                  {
                    "ingress": []
                  }
                ]
              }
            ],
            "timeouts": null,
            "wait_for_load_balancer": true
          },
          "sensitive_attributes": [],
          "private": "eyJlMmJmYjczMC1lY2FhLTExZTYtOGY4OC0zNDM2M2JjN2M0YzAiOnsiY3JlYXRlIjo2MDAwMDAwMDAwMDB9LCJzY2hlbWFfdmVyc2lvbiI6IjEifQ==",
          "dependencies": [
            "kubernetes_deployment.nginx"
          ]
        }
      ]
    }
  ],
  "check_results": null
}
